
Microsoft Visual Studio Solution File, Format Version 12.00
# Visual Studio Version 16
VisualStudioVersion = 16.0.31605.320
MinimumVisualStudioVersion = 10.0.40219.1
Project("{9A19103F-16F7-4668-BE54-9A1E7A4F7556}") = "ExecutionInterface", "ExecutionInterface.csproj", "{5FADC407-ED00-4864-A441-9D80FD1CCD48}"
EndProject
Project("{9A19103F-16F7-4668-BE54-9A1E7A4F7556}") = "ExecutionInterface.Core", "..\ExecutionInterface.Core\ExecutionInterface.Core.csproj", "{3F177719-9EBF-42D2-A260-588275BDBBD7}"
EndProject
Global
	GlobalSection(SolutionConfigurationPlatforms) = preSolution
		Debug|Any CPU = Debug|Any CPU
		Release|Any CPU = Release|Any CPU
	EndGlobalSection
	GlobalSection(ProjectConfigurationPlatforms) = postSolution
		{5FADC407-ED00-4864-A441-9D80FD1CCD48}.Debug|Any CPU.ActiveCfg = Debug|Any CPU
		{5FADC407-ED00-4864-A441-9D80FD1CCD48}.Debug|Any CPU.Build.0 = Debug|Any CPU
		{5FADC407-ED00-4864-A441-9D80FD1CCD48}.Release|Any CPU.ActiveCfg = Release|Any CPU
		{5FADC407-ED00-4864-A441-9D80FD1CCD48}.Release|Any CPU.Build.0 = Release|Any CPU
		{3F177719-9EBF-42D2-A260-588275BDBBD7}.Debug|Any CPU.ActiveCfg = Debug|Any CPU
		{3F177719-9EBF-42D2-A260-588275BDBBD7}.Debug|Any CPU.Build.0 = Debug|Any CPU
		{3F177719-9EBF-42D2-A260-588275BDBBD7}.Release|Any CPU.ActiveCfg = Release|Any CPU
		{3F177719-9EBF-42D2-A260-588275BDBBD7}.Release|Any CPU.Build.0 = Release|Any CPU
	EndGlobalSection
	GlobalSection(SolutionProperties) = preSolution
		HideSolutionNode = FALSE
	EndGlobalSection
	GlobalSection(ExtensibilityGlobals) = postSolution
		SolutionGuid = {F4A7C6EC-17D2-478E-BDD9-72C56ABEC8A3}
	EndGlobalSection
EndGlobal
